
Microsoft Visual Studio Solution File, Format Version 12.00
# Visual Studio 15
VisualStudioVersion = 15.0.27428.2043
MinimumVisualStudioVersion = 10.0.40219.1
Project("{9A19103F-16F7-4668-BE54-9A1E7A4F7556}") = "HealthCare.Web", "HealthCare.Web\HealthCare.Web.csproj", "{4F671A0A-7058-47C5-A534-65B6F8DAFBF4}"
EndProject
Project("{9A19103F-16F7-4668-BE54-9A1E7A4F7556}") = "HealthCare.Data", "HealthCare.Data\HealthCare.Data.csproj", "{680498F3-EA26-440E-BDFD-2F24E4AF5061}"
EndProject
Global
	GlobalSection(SolutionConfigurationPlatforms) = preSolution
		Debug|Any CPU = Debug|Any CPU
		Release|Any CPU = Release|Any CPU
	EndGlobalSection
	GlobalSection(ProjectConfigurationPlatforms) = postSolution
		{4F671A0A-7058-47C5-A534-65B6F8DAFBF4}.Debug|Any CPU.ActiveCfg = Debug|Any CPU
		{4F671A0A-7058-47C5-A534-65B6F8DAFBF4}.Debug|Any CPU.Build.0 = Debug|Any CPU
		{4F671A0A-7058-47C5-A534-65B6F8DAFBF4}.Release|Any CPU.ActiveCfg = Release|Any CPU
		{4F671A0A-7058-47C5-A534-65B6F8DAFBF4}.Release|Any CPU.Build.0 = Release|Any CPU
		{680498F3-EA26-440E-BDFD-2F24E4AF5061}.Debug|Any CPU.ActiveCfg = Debug|Any CPU
		{680498F3-EA26-440E-BDFD-2F24E4AF5061}.Debug|Any CPU.Build.0 = Debug|Any CPU
		{680498F3-EA26-440E-BDFD-2F24E4AF5061}.Release|Any CPU.ActiveCfg = Release|Any CPU
		{680498F3-EA26-440E-BDFD-2F24E4AF5061}.Release|Any CPU.Build.0 = Release|Any CPU
	EndGlobalSection
	GlobalSection(SolutionProperties) = preSolution
		HideSolutionNode = FALSE
	EndGlobalSection
	GlobalSection(ExtensibilityGlobals) = postSolution
		SolutionGuid = {F8354D17-0CFC-4842-A375-9CE0581F50ED}
	EndGlobalSection
EndGlobal
